
Microsoft Visual Studio Solution File, Format Version 12.00
# Visual Studio 14
VisualStudioVersion = 14.0.25420.1
MinimumVisualStudioVersion = 10.0.40219.1
Project("{D954291E-2A0B-460D-934E-DC6B0785DB48}") = "Core", "GLClub\Core.shproj", "{F5188261-9091-4C17-A424-2FD23979DF98}"
EndProject
Project("{FAE04EC0-301F-11D3-BF4B-00C04F79EFBC}") = "GLClub.Droid", "GLClub.Droid\GLClub.Droid.csproj", "{1985A2E3-5BE2-4C4A-8847-8FE34A83C3C8}"
EndProject
Project("{FAE04EC0-301F-11D3-BF4B-00C04F79EFBC}") = "GLClub.iOS", "GLClub.iOS\GLClub.iOS.csproj", "{5BDEF2A0-9902-47B3-8D6F-AC7C13DF48DF}"
EndProject
Global
	GlobalSection(SharedMSBuildProjectFiles) = preSolution
		GLClub\GLClub.projitems*{1985a2e3-5be2-4c4a-8847-8fe34a83c3c8}*SharedItemsImports = 4
		GLClub\GLClub.projitems*{5bdef2a0-9902-47b3-8d6f-ac7c13df48df}*SharedItemsImports = 4
		GLClub\GLClub.projitems*{f5188261-9091-4c17-a424-2fd23979df98}*SharedItemsImports = 13
	EndGlobalSection
	GlobalSection(SolutionConfigurationPlatforms) = preSolution
		Ad-Hoc|Any CPU = Ad-Hoc|Any CPU
		Ad-Hoc|ARM = Ad-Hoc|ARM
		Ad-Hoc|iPhone = Ad-Hoc|iPhone
		Ad-Hoc|iPhoneSimulator = Ad-Hoc|iPhoneSimulator
		Ad-Hoc|x64 = Ad-Hoc|x64
		Ad-Hoc|x86 = Ad-Hoc|x86
		AppStore|Any CPU = AppStore|Any CPU
		AppStore|ARM = AppStore|ARM
		AppStore|iPhone = AppStore|iPhone
		AppStore|iPhoneSimulator = AppStore|iPhoneSimulator
		AppStore|x64 = AppStore|x64
		AppStore|x86 = AppStore|x86
		Debug|Any CPU = Debug|Any CPU
		Debug|ARM = Debug|ARM
		Debug|iPhone = Debug|iPhone
		Debug|iPhoneSimulator = Debug|iPhoneSimulator
		Debug|x64 = Debug|x64
		Debug|x86 = Debug|x86
		Release|Any CPU = Release|Any CPU
		Release|ARM = Release|ARM
		Release|iPhone = Release|iPhone
		Release|iPhoneSimulator = Release|iPhoneSimulator
		Release|x64 = Release|x64
		Release|x86 = Release|x86
	EndGlobalSection
	GlobalSection(ProjectConfigurationPlatforms) = postSolution
		{1985A2E3-5BE2-4C4A-8847-8FE34A83C3C8}.Ad-Hoc|Any CPU.ActiveCfg = Release|Any CPU
		{1985A2E3-5BE2-4C4A-8847-8FE34A83C3C8}.Ad-Hoc|Any CPU.Build.0 = Release|Any CPU
		{1985A2E3-5BE2-4C4A-8847-8FE34A83C3C8}.Ad-Hoc|Any CPU.Deploy.0 = Release|Any CPU
		{1985A2E3-5BE2-4C4A-8847-8FE34A83C3C8}.Ad-Hoc|ARM.ActiveCfg = Release|Any CPU
		{1985A2E3-5BE2-4C4A-8847-8FE34A83C3C8}.Ad-Hoc|ARM.Build.0 = Release|Any CPU
		{1985A2E3-5BE2-4C4A-8847-8FE34A83C3C8}.Ad-Hoc|ARM.Deploy.0 = Release|Any CPU
		{1985A2E3-5BE2-4C4A-8847-8FE34A83C3C8}.Ad-Hoc|iPhone.ActiveCfg = Release|Any CPU
		{1985A2E3-5BE2-4C4A-8847-8FE34A83C3C8}.Ad-Hoc|iPhone.Build.0 = Release|Any CPU
		{1985A2E3-5BE2-4C4A-8847-8FE34A83C3C8}.Ad-Hoc|iPhone.Deploy.0 = Release|Any CPU
		{1985A2E3-5BE2-4C4A-8847-8FE34A83C3C8}.Ad-Hoc|iPhoneSimulator.ActiveCfg = Release|Any CPU
		{1985A2E3-5BE2-4C4A-8847-8FE34A83C3C8}.Ad-Hoc|iPhoneSimulator.Build.0 = Release|Any CPU
		{1985A2E3-5BE2-4C4A-8847-8FE34A83C3C8}.Ad-Hoc|iPhoneSimulator.Deploy.0 = Release|Any CPU
		{1985A2E3-5BE2-4C4A-8847-8FE34A83C3C8}.Ad-Hoc|x64.ActiveCfg = Release|Any CPU
		{1985A2E3-5BE2-4C4A-8847-8FE34A83C3C8}.Ad-Hoc|x64.Build.0 = Release|Any CPU
		{1985A2E3-5BE2-4C4A-8847-8FE34A83C3C8}.Ad-Hoc|x64.Deploy.0 = Release|Any CPU
		{1985A2E3-5BE2-4C4A-8847-8FE34A83C3C8}.Ad-Hoc|x86.ActiveCfg = Release|Any CPU
		{1985A2E3-5BE2-4C4A-8847-8FE34A83C3C8}.Ad-Hoc|x86.Build.0 = Release|Any CPU
		{1985A2E3-5BE2-4C4A-8847-8FE34A83C3C8}.Ad-Hoc|x86.Deploy.0 = Release|Any CPU
		{1985A2E3-5BE2-4C4A-8847-8FE34A83C3C8}.AppStore|Any CPU.ActiveCfg = Release|Any CPU
		{1985A2E3-5BE2-4C4A-8847-8FE34A83C3C8}.AppStore|Any CPU.Build.0 = Release|Any CPU
		{1985A2E3-5BE2-4C4A-8847-8FE34A83C3C8}.AppStore|Any CPU.Deploy.0 = Release|Any CPU
		{1985A2E3-5BE2-4C4A-8847-8FE34A83C3C8}.AppStore|ARM.ActiveCfg = Release|Any CPU
		{1985A2E3-5BE2-4C4A-8847-8FE34A83C3C8}.AppStore|ARM.Build.0 = Release|Any CPU
		{1985A2E3-5BE2-4C4A-8847-8FE34A83C3C8}.AppStore|ARM.Deploy.0 = Release|Any CPU
		{1985A2E3-5BE2-4C4A-8847-8FE34A83C3C8}.AppStore|iPhone.ActiveCfg = Release|Any CPU
		{1985A2E3-5BE2-4C4A-8847-8FE34A83C3C8}.AppStore|iPhone.Build.0 = Release|Any CPU
		{1985A2E3-5BE2-4C4A-8847-8FE34A83C3C8}.AppStore|iPhone.Deploy.0 = Release|Any CPU
		{1985A2E3-5BE2-4C4A-8847-8FE34A83C3C8}.AppStore|iPhoneSimulator.ActiveCfg = Release|Any CPU
		{1985A2E3-5BE2-4C4A-8847-8FE34A83C3C8}.AppStore|iPhoneSimulator.Build.0 = Release|Any CPU
		{1985A2E3-5BE2-4C4A-8847-8FE34A83C3C8}.AppStore|iPhoneSimulator.Deploy.0 = Release|Any CPU
		{1985A2E3-5BE2-4C4A-8847-8FE34A83C3C8}.AppStore|x64.ActiveCfg = Release|Any CPU
		{1985A2E3-5BE2-4C4A-8847-8FE34A83C3C8}.AppStore|x64.Build.0 = Release|Any CPU
		{1985A2E3-5BE2-4C4A-8847-8FE34A83C3C8}.AppStore|x64.Deploy.0 = Release|Any CPU
		{1985A2E3-5BE2-4C4A-8847-8FE34A83C3C8}.AppStore|x86.ActiveCfg = Release|Any CPU
		{1985A2E3-5BE2-4C4A-8847-8FE34A83C3C8}.AppStore|x86.Build.0 = Release|Any CPU
		{1985A2E3-5BE2-4C4A-8847-8FE34A83C3C8}.AppStore|x86.Deploy.0 = Release|Any CPU
		{1985A2E3-5BE2-4C4A-8847-8FE34A83C3C8}.Debug|Any CPU.ActiveCfg = Debug|Any CPU
		{1985A2E3-5BE2-4C4A-8847-8FE34A83C3C8}.Debug|Any CPU.Build.0 = Debug|Any CPU
		{1985A2E3-5BE2-4C4A-8847-8FE34A83C3C8}.Debug|Any CPU.Deploy.0 = Debug|Any CPU
		{1985A2E3-5BE2-4C4A-8847-8FE34A83C3C8}.Debug|ARM.ActiveCfg = Debug|Any CPU
		{1985A2E3-5BE2-4C4A-8847-8FE34A83C3C8}.Debug|ARM.Build.0 = Debug|Any CPU
		{1985A2E3-5BE2-4C4A-8847-8FE34A83C3C8}.Debug|ARM.Deploy.0 = Debug|Any CPU
		{1985A2E3-5BE2-4C4A-8847-8FE34A83C3C8}.Debug|iPhone.ActiveCfg = Debug|Any CPU
		{1985A2E3-5BE2-4C4A-8847-8FE34A83C3C8}.Debug|iPhone.Build.0 = Debug|Any CPU
		{1985A2E3-5BE2-4C4A-8847-8FE34A83C3C8}.Debug|iPhone.Deploy.0 = Debug|Any CPU
		{1985A2E3-5BE2-4C4A-8847-8FE34A83C3C8}.Debug|iPhoneSimulator.ActiveCfg = Debug|Any CPU
		{1985A2E3-5BE2-4C4A-8847-8FE34A83C3C8}.Debug|iPhoneSimulator.Build.0 = Debug|Any CPU
		{1985A2E3-5BE2-4C4A-8847-8FE34A83C3C8}.Debug|iPhoneSimulator.Deploy.0 = Debug|Any CPU
		{1985A2E3-5BE2-4C4A-8847-8FE34A83C3C8}.Debug|x64.ActiveCfg = Debug|Any CPU
		{1985A2E3-5BE2-4C4A-8847-8FE34A83C3C8}.Debug|x64.Build.0 = Debug|Any CPU
		{1985A2E3-5BE2-4C4A-8847-8FE34A83C3C8}.Debug|x64.Deploy.0 = Debug|Any CPU
		{1985A2E3-5BE2-4C4A-8847-8FE34A83C3C8}.Debug|x86.ActiveCfg = Debug|Any CPU
		{1985A2E3-5BE2-4C4A-8847-8FE34A83C3C8}.Debug|x86.Build.0 = Debug|Any CPU
		{1985A2E3-5BE2-4C4A-8847-8FE34A83C3C8}.Debug|x86.Deploy.0 = Debug|Any CPU
		{1985A2E3-5BE2-4C4A-8847-8FE34A83C3C8}.Release|Any CPU.ActiveCfg = Release|Any CPU
		{1985A2E3-5BE2-4C4A-8847-8FE34A83C3C8}.Release|Any CPU.Build.0 = Release|Any CPU
		{1985A2E3-5BE2-4C4A-8847-8FE34A83C3C8}.Release|Any CPU.Deploy.0 = Release|Any CPU
		{1985A2E3-5BE2-4C4A-8847-8FE34A83C3C8}.Release|ARM.ActiveCfg = Release|Any CPU
		{1985A2E3-5BE2-4C4A-8847-8FE34A83C3C8}.Release|ARM.Build.0 = Release|Any CPU
		{1985A2E3-5BE2-4C4A-8847-8FE34A83C3C8}.Release|ARM.Deploy.0 = Release|Any CPU
		{1985A2E3-5BE2-4C4A-8847-8FE34A83C3C8}.Release|iPhone.ActiveCfg = Release|Any CPU
		{1985A2E3-5BE2-4C4A-8847-8FE34A83C3C8}.Release|iPhone.Build.0 = Release|Any CPU
		{1985A2E3-5BE2-4C4A-8847-8FE34A83C3C8}.Release|iPhone.Deploy.0 = Release|Any CPU
		{1985A2E3-5BE2-4C4A-8847-8FE34A83C3C8}.Release|iPhoneSimulator.ActiveCfg = Release|Any CPU
		{1985A2E3-5BE2-4C4A-8847-8FE34A83C3C8}.Release|iPhoneSimulator.Build.0 = Release|Any CPU
		{1985A2E3-5BE2-4C4A-8847-8FE34A83C3C8}.Release|iPhoneSimulator.Deploy.0 = Release|Any CPU
		{1985A2E3-5BE2-4C4A-8847-8FE34A83C3C8}.Release|x64.ActiveCfg = Release|Any CPU
		{1985A2E3-5BE2-4C4A-8847-8FE34A83C3C8}.Release|x64.Build.0 = Release|Any CPU
		{1985A2E3-5BE2-4C4A-8847-8FE34A83C3C8}.Release|x64.Deploy.0 = Release|Any CPU
		{1985A2E3-5BE2-4C4A-8847-8FE34A83C3C8}.Release|x86.ActiveCfg = Release|Any CPU
		{1985A2E3-5BE2-4C4A-8847-8FE34A83C3C8}.Release|x86.Build.0 = Release|Any CPU
		{1985A2E3-5BE2-4C4A-8847-8FE34A83C3C8}.Release|x86.Deploy.0 = Release|Any CPU
		{5BDEF2A0-9902-47B3-8D6F-AC7C13DF48DF}.Ad-Hoc|Any CPU.ActiveCfg = Ad-Hoc|iPhone
		{5BDEF2A0-9902-47B3-8D6F-AC7C13DF48DF}.Ad-Hoc|ARM.ActiveCfg = Ad-Hoc|iPhone
		{5BDEF2A0-9902-47B3-8D6F-AC7C13DF48DF}.Ad-Hoc|iPhone.ActiveCfg = Ad-Hoc|iPhone
		{5BDEF2A0-9902-47B3-8D6F-AC7C13DF48DF}.Ad-Hoc|iPhone.Build.0 = Ad-Hoc|iPhone
		{5BDEF2A0-9902-47B3-8D6F-AC7C13DF48DF}.Ad-Hoc|iPhoneSimulator.ActiveCfg = Ad-Hoc|iPhoneSimulator
		{5BDEF2A0-9902-47B3-8D6F-AC7C13DF48DF}.Ad-Hoc|iPhoneSimulator.Build.0 = Ad-Hoc|iPhoneSimulator
		{5BDEF2A0-9902-47B3-8D6F-AC7C13DF48DF}.Ad-Hoc|x64.ActiveCfg = Ad-Hoc|iPhone
		{5BDEF2A0-9902-47B3-8D6F-AC7C13DF48DF}.Ad-Hoc|x86.ActiveCfg = Ad-Hoc|iPhone
		{5BDEF2A0-9902-47B3-8D6F-AC7C13DF48DF}.AppStore|Any CPU.ActiveCfg = AppStore|iPhone
		{5BDEF2A0-9902-47B3-8D6F-AC7C13DF48DF}.AppStore|ARM.ActiveCfg = AppStore|iPhone
		{5BDEF2A0-9902-47B3-8D6F-AC7C13DF48DF}.AppStore|iPhone.ActiveCfg = AppStore|iPhone
		{5BDEF2A0-9902-47B3-8D6F-AC7C13DF48DF}.AppStore|iPhone.Build.0 = AppStore|iPhone
		{5BDEF2A0-9902-47B3-8D6F-AC7C13DF48DF}.AppStore|iPhoneSimulator.ActiveCfg = AppStore|iPhoneSimulator
		{5BDEF2A0-9902-47B3-8D6F-AC7C13DF48DF}.AppStore|iPhoneSimulator.Build.0 = AppStore|iPhoneSimulator
		{5BDEF2A0-9902-47B3-8D6F-AC7C13DF48DF}.AppStore|x64.ActiveCfg = AppStore|iPhone
		{5BDEF2A0-9902-47B3-8D6F-AC7C13DF48DF}.AppStore|x86.ActiveCfg = AppStore|iPhone
		{5BDEF2A0-9902-47B3-8D6F-AC7C13DF48DF}.Debug|Any CPU.ActiveCfg = Debug|iPhone
		{5BDEF2A0-9902-47B3-8D6F-AC7C13DF48DF}.Debug|ARM.ActiveCfg = Debug|iPhone
		{5BDEF2A0-9902-47B3-8D6F-AC7C13DF48DF}.Debug|iPhone.ActiveCfg = Debug|iPhone
		{5BDEF2A0-9902-47B3-8D6F-AC7C13DF48DF}.Debug|iPhone.Build.0 = Debug|iPhone
		{5BDEF2A0-9902-47B3-8D6F-AC7C13DF48DF}.Debug|iPhone.Deploy.0 = Debug|iPhone
		{5BDEF2A0-9902-47B3-8D6F-AC7C13DF48DF}.Debug|iPhoneSimulator.ActiveCfg = Debug|iPhoneSimulator
		{5BDEF2A0-9902-47B3-8D6F-AC7C13DF48DF}.Debug|iPhoneSimulator.Build.0 = Debug|iPhoneSimulator
		{5BDEF2A0-9902-47B3-8D6F-AC7C13DF48DF}.Debug|x64.ActiveCfg = Debug|iPhone
		{5BDEF2A0-9902-47B3-8D6F-AC7C13DF48DF}.Debug|x86.ActiveCfg = Debug|iPhone
		{5BDEF2A0-9902-47B3-8D6F-AC7C13DF48DF}.Release|Any CPU.ActiveCfg = Release|iPhone
		{5BDEF2A0-9902-47B3-8D6F-AC7C13DF48DF}.Release|ARM.ActiveCfg = Release|iPhone
		{5BDEF2A0-9902-47B3-8D6F-AC7C13DF48DF}.Release|iPhone.ActiveCfg = Release|iPhone
		{5BDEF2A0-9902-47B3-8D6F-AC7C13DF48DF}.Release|iPhone.Build.0 = Release|iPhone
		{5BDEF2A0-9902-47B3-8D6F-AC7C13DF48DF}.Release|iPhoneSimulator.ActiveCfg = Release|iPhoneSimulator
		{5BDEF2A0-9902-47B3-8D6F-AC7C13DF48DF}.Release|iPhoneSimulator.Build.0 = Release|iPhoneSimulator
		{5BDEF2A0-9902-47B3-8D6F-AC7C13DF48DF}.Release|x64.ActiveCfg = Release|iPhone
		{5BDEF2A0-9902-47B3-8D6F-AC7C13DF48DF}.Release|x86.ActiveCfg = Release|iPhone
	EndGlobalSection
	GlobalSection(SolutionProperties) = preSolution
		HideSolutionNode = FALSE
	EndGlobalSection
EndGlobal
